
Microsoft Visual Studio Solution File, Format Version 12.00
# Visual Studio Version 16
VisualStudioVersion = 16.0.30517.126
MinimumVisualStudioVersion = 10.0.40219.1
Project("{8BC9CEB8-8B4A-11D0-8D11-00A0C91BC942}") = "Project1", "Project1.vcxproj", "{01468739-DBA8-4AB3-B04C-1FE14D6336F4}"
EndProject
Project("{8BC9CEB8-8B4A-11D0-8D11-00A0C91BC942}") = "Project2", "..\Project2\Project2.vcxproj", "{23048AE6-CF27-4A16-83FC-415C0A1052E5}"
EndProject
Global
	GlobalSection(SolutionConfigurationPlatforms) = preSolution
		Debug|x64 = Debug|x64
		Debug|x86 = Debug|x86
		Release|x64 = Release|x64
		Release|x86 = Release|x86
	EndGlobalSection
	GlobalSection(ProjectConfigurationPlatforms) = postSolution
		{01468739-DBA8-4AB3-B04C-1FE14D6336F4}.Debug|x64.ActiveCfg = Debug|x64
		{01468739-DBA8-4AB3-B04C-1FE14D6336F4}.Debug|x64.Build.0 = Debug|x64
		{01468739-DBA8-4AB3-B04C-1FE14D6336F4}.Debug|x86.ActiveCfg = Debug|Win32
		{01468739-DBA8-4AB3-B04C-1FE14D6336F4}.Debug|x86.Build.0 = Debug|Win32
		{01468739-DBA8-4AB3-B04C-1FE14D6336F4}.Release|x64.ActiveCfg = Release|x64
		{01468739-DBA8-4AB3-B04C-1FE14D6336F4}.Release|x64.Build.0 = Release|x64
		{01468739-DBA8-4AB3-B04C-1FE14D6336F4}.Release|x86.ActiveCfg = Release|Win32
		{01468739-DBA8-4AB3-B04C-1FE14D6336F4}.Release|x86.Build.0 = Release|Win32
		{23048AE6-CF27-4A16-83FC-415C0A1052E5}.Debug|x64.ActiveCfg = Debug|x64
		{23048AE6-CF27-4A16-83FC-415C0A1052E5}.Debug|x64.Build.0 = Debug|x64
		{23048AE6-CF27-4A16-83FC-415C0A1052E5}.Debug|x86.ActiveCfg = Debug|Win32
		{23048AE6-CF27-4A16-83FC-415C0A1052E5}.Debug|x86.Build.0 = Debug|Win32
		{23048AE6-CF27-4A16-83FC-415C0A1052E5}.Release|x64.ActiveCfg = Release|x64
		{23048AE6-CF27-4A16-83FC-415C0A1052E5}.Release|x64.Build.0 = Release|x64
		{23048AE6-CF27-4A16-83FC-415C0A1052E5}.Release|x86.ActiveCfg = Release|Win32
		{23048AE6-CF27-4A16-83FC-415C0A1052E5}.Release|x86.Build.0 = Release|Win32
	EndGlobalSection
	GlobalSection(SolutionProperties) = preSolution
		HideSolutionNode = FALSE
	EndGlobalSection
	GlobalSection(ExtensibilityGlobals) = postSolution
		SolutionGuid = {FB489114-9429-42E3-A68C-CCC48F2AC350}
	EndGlobalSection
EndGlobal
